
Microsoft Visual Studio Solution File, Format Version 11.00
# Visual Studio 2010
Project("{FAE04EC0-301F-11D3-BF4B-00C04F79EFBC}") = "Assembly-CSharp", "Assembly-CSharp.csproj", "{69861221-fa4a-3efa-9e29-fd8d1cee0e3f}"
EndProject
Project("{FAE04EC0-301F-11D3-BF4B-00C04F79EFBC}") = "Assembly-CSharp-Editor", "Assembly-CSharp-Editor.csproj", "{e484bb88-b41a-567d-4b51-d19946bfb5b1}"
EndProject
Global
	GlobalSection(SolutionConfigurationPlatforms) = preSolution
		Debug|Any CPU = Debug|Any CPU
		Release|Any CPU = Release|Any CPU
	EndGlobalSection
	GlobalSection(ProjectConfigurationPlatforms) = postSolution
		{69861221-fa4a-3efa-9e29-fd8d1cee0e3f}.Debug|Any CPU.ActiveCfg = Debug|Any CPU
		{69861221-fa4a-3efa-9e29-fd8d1cee0e3f}.Debug|Any CPU.Build.0 = Debug|Any CPU
		{69861221-fa4a-3efa-9e29-fd8d1cee0e3f}.Release|Any CPU.ActiveCfg = Release|Any CPU
		{69861221-fa4a-3efa-9e29-fd8d1cee0e3f}.Release|Any CPU.Build.0 = Release|Any CPU
		{e484bb88-b41a-567d-4b51-d19946bfb5b1}.Debug|Any CPU.ActiveCfg = Debug|Any CPU
		{e484bb88-b41a-567d-4b51-d19946bfb5b1}.Debug|Any CPU.Build.0 = Debug|Any CPU
		{e484bb88-b41a-567d-4b51-d19946bfb5b1}.Release|Any CPU.ActiveCfg = Release|Any CPU
		{e484bb88-b41a-567d-4b51-d19946bfb5b1}.Release|Any CPU.Build.0 = Release|Any CPU
	EndGlobalSection
	GlobalSection(SolutionProperties) = preSolution
		HideSolutionNode = FALSE
	EndGlobalSection
EndGlobal
